// !$*UTF8*$!
{
	archiveVersion = 1;
	classes = {
	};
	objectVersion = 55;
	objects = {

/* Begin PBXBuildFile section */
		B006B6CF277EFECB00092B54 /* StoryBoardExtension.swift in Sources */ = {isa = PBXBuildFile; fileRef = B006B6CE277EFECB00092B54 /* StoryBoardExtension.swift */; };
		B06D4A24277EDA70008D10C0 /* Content.swift in Sources */ = {isa = PBXBuildFile; fileRef = B06D4A23277EDA70008D10C0 /* Content.swift */; };
		B06D4A2C277EDC42008D10C0 /* ViewExtension.swift in Sources */ = {isa = PBXBuildFile; fileRef = B06D4A27277EDC42008D10C0 /* ViewExtension.swift */; };
		B06D4A2D277EDC42008D10C0 /* StringExtension.swift in Sources */ = {isa = PBXBuildFile; fileRef = B06D4A28277EDC42008D10C0 /* StringExtension.swift */; };
		B06D4A2E277EDC42008D10C0 /* ImageExtension.swift in Sources */ = {isa = PBXBuildFile; fileRef = B06D4A29277EDC42008D10C0 /* ImageExtension.swift */; };
		B06D4A2F277EDC42008D10C0 /* ColorExtension.swift in Sources */ = {isa = PBXBuildFile; fileRef = B06D4A2A277EDC42008D10C0 /* ColorExtension.swift */; };
		B06D4A30277EDC42008D10C0 /* NumberExtension.swift in Sources */ = {isa = PBXBuildFile; fileRef = B06D4A2B277EDC42008D10C0 /* NumberExtension.swift */; };
		B08897A6278BDD3700250C48 /* ERPopoverViewController.swift in Sources */ = {isa = PBXBuildFile; fileRef = B08897A5278BDD3700250C48 /* ERPopoverViewController.swift */; };
		B08897A9278C005E00250C48 /* Defaults in Frameworks */ = {isa = PBXBuildFile; productRef = B08897A8278C005E00250C48 /* Defaults */; };
		B0A2A8EB277D8F1C00D1C2C4 /* AppDelegate.swift in Sources */ = {isa = PBXBuildFile; fileRef = B0A2A8EA277D8F1C00D1C2C4 /* AppDelegate.swift */; };
		B0A2A8ED277D8F1C00D1C2C4 /* DocumentBrowserViewController.swift in Sources */ = {isa = PBXBuildFile; fileRef = B0A2A8EC277D8F1C00D1C2C4 /* DocumentBrowserViewController.swift */; };
		B0A2A8EF277D8F1C00D1C2C4 /* DocumentViewController.swift in Sources */ = {isa = PBXBuildFile; fileRef = B0A2A8EE277D8F1C00D1C2C4 /* DocumentViewController.swift */; };
		B0A2A8F1277D8F1C00D1C2C4 /* Document.swift in Sources */ = {isa = PBXBuildFile; fileRef = B0A2A8F0277D8F1C00D1C2C4 /* Document.swift */; };
		B0A2A8F4277D8F1C00D1C2C4 /* Main.storyboard in Resources */ = {isa = PBXBuildFile; fileRef = B0A2A8F2277D8F1C00D1C2C4 /* Main.storyboard */; };
		B0A2A8F6277D8F1E00D1C2C4 /* Assets.xcassets in Resources */ = {isa = PBXBuildFile; fileRef = B0A2A8F5277D8F1E00D1C2C4 /* Assets.xcassets */; };
		B0A2A8F9277D8F1E00D1C2C4 /* LaunchScreen.storyboard in Resources */ = {isa = PBXBuildFile; fileRef = B0A2A8F7277D8F1E00D1C2C4 /* LaunchScreen.storyboard */; };
		B0A2A903277DA0DE00D1C2C4 /* Untitled.rtf in Resources */ = {isa = PBXBuildFile; fileRef = B0A2A902277DA0DE00D1C2C4 /* Untitled.rtf */; };
		B0A2A906277DA31F00D1C2C4 /* SwiftyBeaver in Frameworks */ = {isa = PBXBuildFile; productRef = B0A2A905277DA31F00D1C2C4 /* SwiftyBeaver */; };
		B0A2A90A277DA4AF00D1C2C4 /* ERError.swift in Sources */ = {isa = PBXBuildFile; fileRef = B0A2A909277DA4AF00D1C2C4 /* ERError.swift */; };
/* End PBXBuildFile section */

/* Begin PBXFileReference section */
		B006B6CE277EFECB00092B54 /* StoryBoardExtension.swift */ = {isa = PBXFileReference; fileEncoding = 4; lastKnownFileType = sourcecode.swift; path = StoryBoardExtension.swift; sourceTree = "<group>"; };
		B06D4A23277EDA70008D10C0 /* Content.swift */ = {isa = PBXFileReference; lastKnownFileType = sourcecode.swift; path = Content.swift; sourceTree = "<group>"; };
		B06D4A27277EDC42008D10C0 /* ViewExtension.swift */ = {isa = PBXFileReference; fileEncoding = 4; lastKnownFileType = sourcecode.swift; path = ViewExtension.swift; sourceTree = "<group>"; };
		B06D4A28277EDC42008D10C0 /* StringExtension.swift */ = {isa = PBXFileReference; fileEncoding = 4; lastKnownFileType = sourcecode.swift; path = StringExtension.swift; sourceTree = "<group>"; };
		B06D4A29277EDC42008D10C0 /* ImageExtension.swift */ = {isa = PBXFileReference; fileEncoding = 4; lastKnownFileType = sourcecode.swift; path = ImageExtension.swift; sourceTree = "<group>"; };
		B06D4A2A277EDC42008D10C0 /* ColorExtension.swift */ = {isa = PBXFileReference; fileEncoding = 4; lastKnownFileType = sourcecode.swift; path = ColorExtension.swift; sourceTree = "<group>"; };
		B06D4A2B277EDC42008D10C0 /* NumberExtension.swift */ = {isa = PBXFileReference; fileEncoding = 4; lastKnownFileType = sourcecode.swift; path = NumberExtension.swift; sourceTree = "<group>"; };
		B08897A5278BDD3700250C48 /* ERPopoverViewController.swift */ = {isa = PBXFileReference; lastKnownFileType = sourcecode.swift; path = ERPopoverViewController.swift; sourceTree = "<group>"; };
		B0A2A8E7277D8F1C00D1C2C4 /* EasyReader.app */ = {isa = PBXFileReference; explicitFileType = wrapper.application; includeInIndex = 0; path = EasyReader.app; sourceTree = BUILT_PRODUCTS_DIR; };
		B0A2A8EA277D8F1C00D1C2C4 /* AppDelegate.swift */ = {isa = PBXFileReference; lastKnownFileType = sourcecode.swift; path = AppDelegate.swift; sourceTree = "<group>"; };
		B0A2A8EC277D8F1C00D1C2C4 /* DocumentBrowserViewController.swift */ = {isa = PBXFileReference; lastKnownFileType = sourcecode.swift; path = DocumentBrowserViewController.swift; sourceTree = "<group>"; };
		B0A2A8EE277D8F1C00D1C2C4 /* DocumentViewController.swift */ = {isa = PBXFileReference; lastKnownFileType = sourcecode.swift; path = DocumentViewController.swift; sourceTree = "<group>"; };
		B0A2A8F0277D8F1C00D1C2C4 /* Document.swift */ = {isa = PBXFileReference; lastKnownFileType = sourcecode.swift; path = Document.swift; sourceTree = "<group>"; };
		B0A2A8F3277D8F1C00D1C2C4 /* Base */ = {isa = PBXFileReference; lastKnownFileType = file.storyboard; name = Base; path = Base.lproj/Main.storyboard; sourceTree = "<group>"; };
		B0A2A8F5277D8F1E00D1C2C4 /* Assets.xcassets */ = {isa = PBXFileReference; lastKnownFileType = folder.assetcatalog; path = Assets.xcassets; sourceTree = "<group>"; };
		B0A2A8F8277D8F1E00D1C2C4 /* Base */ = {isa = PBXFileReference; lastKnownFileType = file.storyboard; name = Base; path = Base.lproj/LaunchScreen.storyboard; sourceTree = "<group>"; };
		B0A2A8FA277D8F1E00D1C2C4 /* Info.plist */ = {isa = PBXFileReference; lastKnownFileType = text.plist.xml; path = Info.plist; sourceTree = "<group>"; };
		B0A2A902277DA0DE00D1C2C4 /* Untitled.rtf */ = {isa = PBXFileReference; lastKnownFileType = text.rtf; path = Untitled.rtf; sourceTree = "<group>"; };
		B0A2A909277DA4AF00D1C2C4 /* ERError.swift */ = {isa = PBXFileReference; lastKnownFileType = sourcecode.swift; path = ERError.swift; sourceTree = "<group>"; };
/* End PBXFileReference section */

/* Begin PBXFrameworksBuildPhase section */
		B0A2A8E4277D8F1C00D1C2C4 /* Frameworks */ = {
			isa = PBXFrameworksBuildPhase;
			buildActionMask = 2147483647;
			files = (
				B08897A9278C005E00250C48 /* Defaults in Frameworks */,
				B0A2A906277DA31F00D1C2C4 /* SwiftyBeaver in Frameworks */,
			);
			runOnlyForDeploymentPostprocessing = 0;
		};
/* End PBXFrameworksBuildPhase section */

/* Begin PBXGroup section */
		B06D4A25277EDC11008D10C0 /* Component */ = {
			isa = PBXGroup;
			children = (
				B06D4A26277EDC1D008D10C0 /* Extension */,
			);
			path = Component;
			sourceTree = "<group>";
		};
		B06D4A26277EDC1D008D10C0 /* Extension */ = {
			isa = PBXGroup;
			children = (
				B06D4A2A277EDC42008D10C0 /* ColorExtension.swift */,
				B06D4A29277EDC42008D10C0 /* ImageExtension.swift */,
				B06D4A2B277EDC42008D10C0 /* NumberExtension.swift */,
				B06D4A28277EDC42008D10C0 /* StringExtension.swift */,
				B06D4A27277EDC42008D10C0 /* ViewExtension.swift */,
				B006B6CE277EFECB00092B54 /* StoryBoardExtension.swift */,
			);
			path = Extension;
			sourceTree = "<group>";
		};
		B08897A4278BDCE900250C48 /* Controller */ = {
			isa = PBXGroup;
			children = (
				B0A2A8EE277D8F1C00D1C2C4 /* DocumentViewController.swift */,
				B08897A5278BDD3700250C48 /* ERPopoverViewController.swift */,
			);
			path = Controller;
			sourceTree = "<group>";
		};
		B0A2A8DE277D8F1C00D1C2C4 = {
			isa = PBXGroup;
			children = (
				B0A2A8E9277D8F1C00D1C2C4 /* EasyReader */,
				B0A2A8E8277D8F1C00D1C2C4 /* Products */,
			);
			sourceTree = "<group>";
		};
		B0A2A8E8277D8F1C00D1C2C4 /* Products */ = {
			isa = PBXGroup;
			children = (
				B0A2A8E7277D8F1C00D1C2C4 /* EasyReader.app */,
			);
			name = Products;
			sourceTree = "<group>";
		};
		B0A2A8E9277D8F1C00D1C2C4 /* EasyReader */ = {
			isa = PBXGroup;
			children = (
				B08897A4278BDCE900250C48 /* Controller */,
				B0A2A907277DA48E00D1C2C4 /* Model */,
				B0A2A901277D9F9100D1C2C4 /* Document */,
				B06D4A25277EDC11008D10C0 /* Component */,
				B0A2A900277D9F6B00D1C2C4 /* Support Files */,
			);
			path = EasyReader;
			sourceTree = "<group>";
		};
		B0A2A900277D9F6B00D1C2C4 /* Support Files */ = {
			isa = PBXGroup;
			children = (
				B0A2A8EA277D8F1C00D1C2C4 /* AppDelegate.swift */,
				B0A2A8F2277D8F1C00D1C2C4 /* Main.storyboard */,
				B0A2A8F5277D8F1E00D1C2C4 /* Assets.xcassets */,
				B0A2A8F7277D8F1E00D1C2C4 /* LaunchScreen.storyboard */,
				B0A2A902277DA0DE00D1C2C4 /* Untitled.rtf */,
				B0A2A8FA277D8F1E00D1C2C4 /* Info.plist */,
			);
			path = "Support Files";
			sourceTree = "<group>";
		};
		B0A2A901277D9F9100D1C2C4 /* Document */ = {
			isa = PBXGroup;
			children = (
				B0A2A8EC277D8F1C00D1C2C4 /* DocumentBrowserViewController.swift */,
				B0A2A8F0277D8F1C00D1C2C4 /* Document.swift */,
				B06D4A23277EDA70008D10C0 /* Content.swift */,
			);
			path = Document;
			sourceTree = "<group>";
		};
		B0A2A907277DA48E00D1C2C4 /* Model */ = {
			isa = PBXGroup;
			children = (
				B0A2A908277DA49700D1C2C4 /* Error */,
			);
			path = Model;
			sourceTree = "<group>";
		};
		B0A2A908277DA49700D1C2C4 /* Error */ = {
			isa = PBXGroup;
			children = (
				B0A2A909277DA4AF00D1C2C4 /* ERError.swift */,
			);
			path = Error;
			sourceTree = "<group>";
		};
/* End PBXGroup section */

/* Begin PBXNativeTarget section */
		B0A2A8E6277D8F1C00D1C2C4 /* EasyReader */ = {
			isa = PBXNativeTarget;
			buildConfigurationList = B0A2A8FD277D8F1E00D1C2C4 /* Build configuration list for PBXNativeTarget "EasyReader" */;
			buildPhases = (
				B0A2A8E3277D8F1C00D1C2C4 /* Sources */,
				B0A2A8E4277D8F1C00D1C2C4 /* Frameworks */,
				B0A2A8E5277D8F1C00D1C2C4 /* Resources */,
			);
			buildRules = (
			);
			dependencies = (
			);
			name = EasyReader;
			packageProductDependencies = (
				B0A2A905277DA31F00D1C2C4 /* SwiftyBeaver */,
				B08897A8278C005E00250C48 /* Defaults */,
			);
			productName = EasyReader;
			productReference = B0A2A8E7277D8F1C00D1C2C4 /* EasyReader.app */;
			productType = "com.apple.product-type.application";
		};
/* End PBXNativeTarget section */

/* Begin PBXProject section */
		B0A2A8DF277D8F1C00D1C2C4 /* Project object */ = {
			isa = PBXProject;
			attributes = {
				BuildIndependentTargetsInParallel = 1;
				LastSwiftUpdateCheck = 1320;
				LastUpgradeCheck = 1320;
				TargetAttributes = {
					B0A2A8E6277D8F1C00D1C2C4 = {
						CreatedOnToolsVersion = 13.2.1;
					};
				};
			};
			buildConfigurationList = B0A2A8E2277D8F1C00D1C2C4 /* Build configuration list for PBXProject "EasyReader" */;
			compatibilityVersion = "Xcode 13.0";
			developmentRegion = en;
			hasScannedForEncodings = 0;
			knownRegions = (
				en,
				Base,
			);
			mainGroup = B0A2A8DE277D8F1C00D1C2C4;
			packageReferences = (
				B0A2A904277DA31F00D1C2C4 /* XCRemoteSwiftPackageReference "SwiftyBeaver" */,
				B08897A7278C005E00250C48 /* XCRemoteSwiftPackageReference "Defaults" */,
			);
			productRefGroup = B0A2A8E8277D8F1C00D1C2C4 /* Products */;
			projectDirPath = "";
			projectRoot = "";
			targets = (
				B0A2A8E6277D8F1C00D1C2C4 /* EasyReader */,
			);
		};
/* End PBXProject section */

/* Begin PBXResourcesBuildPhase section */
		B0A2A8E5277D8F1C00D1C2C4 /* Resources */ = {
			isa = PBXResourcesBuildPhase;
			buildActionMask = 2147483647;
			files = (
				B0A2A8F9277D8F1E00D1C2C4 /* LaunchScreen.storyboard in Resources */,
				B0A2A8F6277D8F1E00D1C2C4 /* Assets.xcassets in Resources */,
				B0A2A8F4277D8F1C00D1C2C4 /* Main.storyboard in Resources */,
				B0A2A903277DA0DE00D1C2C4 /* Untitled.rtf in Resources */,
			);
			runOnlyForDeploymentPostprocessing = 0;
		};
/* End PBXResourcesBuildPhase section */

/* Begin PBXSourcesBuildPhase section */
		B0A2A8E3277D8F1C00D1C2C4 /* Sources */ = {
			isa = PBXSourcesBuildPhase;
			buildActionMask = 2147483647;
			files = (
				B0A2A8F1277D8F1C00D1C2C4 /* Document.swift in Sources */,
				B0A2A90A277DA4AF00D1C2C4 /* ERError.swift in Sources */,
				B006B6CF277EFECB00092B54 /* StoryBoardExtension.swift in Sources */,
				B0A2A8EF277D8F1C00D1C2C4 /* DocumentViewController.swift in Sources */,
				B06D4A2C277EDC42008D10C0 /* ViewExtension.swift in Sources */,
				B06D4A2D277EDC42008D10C0 /* StringExtension.swift in Sources */,
				B08897A6278BDD3700250C48 /* ERPopoverViewController.swift in Sources */,
				B0A2A8ED277D8F1C00D1C2C4 /* DocumentBrowserViewController.swift in Sources */,
				B06D4A30277EDC42008D10C0 /* NumberExtension.swift in Sources */,
				B0A2A8EB277D8F1C00D1C2C4 /* AppDelegate.swift in Sources */,
				B06D4A2E277EDC42008D10C0 /* ImageExtension.swift in Sources */,
				B06D4A24277EDA70008D10C0 /* Content.swift in Sources */,
				B06D4A2F277EDC42008D10C0 /* ColorExtension.swift in Sources */,
			);
			runOnlyForDeploymentPostprocessing = 0;
		};
/* End PBXSourcesBuildPhase section */

/* Begin PBXVariantGroup section */
		B0A2A8F2277D8F1C00D1C2C4 /* Main.storyboard */ = {
			isa = PBXVariantGroup;
			children = (
				B0A2A8F3277D8F1C00D1C2C4 /* Base */,
			);
			name = Main.storyboard;
			sourceTree = "<group>";
		};
		B0A2A8F7277D8F1E00D1C2C4 /* LaunchScreen.storyboard */ = {
			isa = PBXVariantGroup;
			children = (
				B0A2A8F8277D8F1E00D1C2C4 /* Base */,
			);
			name = LaunchScreen.storyboard;
			sourceTree = "<group>";
		};
/* End PBXVariantGroup section */

/* Begin XCBuildConfiguration section */
		B0A2A8FB277D8F1E00D1C2C4 /* Debug */ = {
			isa = XCBuildConfiguration;
			buildSettings = {
				ALWAYS_SEARCH_USER_PATHS = NO;
				CLANG_ANALYZER_NONNULL = YES;
				CLANG_ANALYZER_NUMBER_OBJECT_CONVERSION = YES_AGGRESSIVE;
				CLANG_CXX_LANGUAGE_STANDARD = "gnu++17";
				CLANG_CXX_LIBRARY = "libc++";
				CLANG_ENABLE_MODULES = YES;
				CLANG_ENABLE_OBJC_ARC = YES;
				CLANG_ENABLE_OBJC_WEAK = YES;
				CLANG_WARN_BLOCK_CAPTURE_AUTORELEASING = YES;
				CLANG_WARN_BOOL_CONVERSION = YES;
				CLANG_WARN_COMMA = YES;
				CLANG_WARN_CONSTANT_CONVERSION = YES;
				CLANG_WARN_DEPRECATED_OBJC_IMPLEMENTATIONS = YES;
				CLANG_WARN_DIRECT_OBJC_ISA_USAGE = YES_ERROR;
				CLANG_WARN_DOCUMENTATION_COMMENTS = YES;
				CLANG_WARN_EMPTY_BODY = YES;
				CLANG_WARN_ENUM_CONVERSION = YES;
				CLANG_WARN_INFINITE_RECURSION = YES;
				CLANG_WARN_INT_CONVERSION = YES;
				CLANG_WARN_NON_LITERAL_NULL_CONVERSION = YES;
				CLANG_WARN_OBJC_IMPLICIT_RETAIN_SELF = YES;
				CLANG_WARN_OBJC_LITERAL_CONVERSION = YES;
				CLANG_WARN_OBJC_ROOT_CLASS = YES_ERROR;
				CLANG_WARN_QUOTED_INCLUDE_IN_FRAMEWORK_HEADER = YES;
				CLANG_WARN_RANGE_LOOP_ANALYSIS = YES;
				CLANG_WARN_STRICT_PROTOTYPES = YES;
				CLANG_WARN_SUSPICIOUS_MOVE = YES;
				CLANG_WARN_UNGUARDED_AVAILABILITY = YES_AGGRESSIVE;
				CLANG_WARN_UNREACHABLE_CODE = YES;
				CLANG_WARN__DUPLICATE_METHOD_MATCH = YES;
				COPY_PHASE_STRIP = NO;
				DEBUG_INFORMATION_FORMAT = dwarf;
				ENABLE_STRICT_OBJC_MSGSEND = YES;
				ENABLE_TESTABILITY = YES;
				GCC_C_LANGUAGE_STANDARD = gnu11;
				GCC_DYNAMIC_NO_PIC = NO;
				GCC_NO_COMMON_BLOCKS = YES;
				GCC_OPTIMIZATION_LEVEL = 0;
				GCC_PREPROCESSOR_DEFINITIONS = (
					"DEBUG=1",
					"$(inherited)",
				);
				GCC_WARN_64_TO_32_BIT_CONVERSION = YES;
				GCC_WARN_ABOUT_RETURN_TYPE = YES_ERROR;
				GCC_WARN_UNDECLARED_SELECTOR = YES;
				GCC_WARN_UNINITIALIZED_AUTOS = YES_AGGRESSIVE;
				GCC_WARN_UNUSED_FUNCTION = YES;
				GCC_WARN_UNUSED_VARIABLE = YES;
				IPHONEOS_DEPLOYMENT_TARGET = 14.0;
				MTL_ENABLE_DEBUG_INFO = INCLUDE_SOURCE;
				MTL_FAST_MATH = YES;
				ONLY_ACTIVE_ARCH = YES;
				SDKROOT = iphoneos;
				SWIFT_ACTIVE_COMPILATION_CONDITIONS = DEBUG;
				SWIFT_OPTIMIZATION_LEVEL = "-Onone";
			};
			name = Debug;
		};
		B0A2A8FC277D8F1E00D1C2C4 /* Release */ = {
			isa = XCBuildConfiguration;
			buildSettings = {
				ALWAYS_SEARCH_USER_PATHS = NO;
				CLANG_ANALYZER_NONNULL = YES;
				CLANG_ANALYZER_NUMBER_OBJECT_CONVERSION = YES_AGGRESSIVE;
				CLANG_CXX_LANGUAGE_STANDARD = "gnu++17";
				CLANG_CXX_LIBRARY = "libc++";
				CLANG_ENABLE_MODULES = YES;
				CLANG_ENABLE_OBJC_ARC = YES;
				CLANG_ENABLE_OBJC_WEAK = YES;
				CLANG_WARN_BLOCK_CAPTURE_AUTORELEASING = YES;
				CLANG_WARN_BOOL_CONVERSION = YES;
				CLANG_WARN_COMMA = YES;
				CLANG_WARN_CONSTANT_CONVERSION = YES;
				CLANG_WARN_DEPRECATED_OBJC_IMPLEMENTATIONS = YES;
				CLANG_WARN_DIRECT_OBJC_ISA_USAGE = YES_ERROR;
				CLANG_WARN_DOCUMENTATION_COMMENTS = YES;
				CLANG_WARN_EMPTY_BODY = YES;
				CLANG_WARN_ENUM_CONVERSION = YES;
				CLANG_WARN_INFINITE_RECURSION = YES;
				CLANG_WARN_INT_CONVERSION = YES;
				CLANG_WARN_NON_LITERAL_NULL_CONVERSION = YES;
				CLANG_WARN_OBJC_IMPLICIT_RETAIN_SELF = YES;
				CLANG_WARN_OBJC_LITERAL_CONVERSION = YES;
				CLANG_WARN_OBJC_ROOT_CLASS = YES_ERROR;
				CLANG_WARN_QUOTED_INCLUDE_IN_FRAMEWORK_HEADER = YES;
				CLANG_WARN_RANGE_LOOP_ANALYSIS = YES;
				CLANG_WARN_STRICT_PROTOTYPES = YES;
				CLANG_WARN_SUSPICIOUS_MOVE = YES;
				CLANG_WARN_UNGUARDED_AVAILABILITY = YES_AGGRESSIVE;
				CLANG_WARN_UNREACHABLE_CODE = YES;
				CLANG_WARN__DUPLICATE_METHOD_MATCH = YES;
				COPY_PHASE_STRIP = NO;
				DEBUG_INFORMATION_FORMAT = "dwarf-with-dsym";
				ENABLE_NS_ASSERTIONS = NO;
				ENABLE_STRICT_OBJC_MSGSEND = YES;
				GCC_C_LANGUAGE_STANDARD = gnu11;
				GCC_NO_COMMON_BLOCKS = YES;
				GCC_WARN_64_TO_32_BIT_CONVERSION = YES;
				GCC_WARN_ABOUT_RETURN_TYPE = YES_ERROR;
				GCC_WARN_UNDECLARED_SELECTOR = YES;
				GCC_WARN_UNINITIALIZED_AUTOS = YES_AGGRESSIVE;
				GCC_WARN_UNUSED_FUNCTION = YES;
				GCC_WARN_UNUSED_VARIABLE = YES;
				IPHONEOS_DEPLOYMENT_TARGET = 14.0;
				MTL_ENABLE_DEBUG_INFO = NO;
				MTL_FAST_MATH = YES;
				SDKROOT = iphoneos;
				SWIFT_COMPILATION_MODE = wholemodule;
				SWIFT_OPTIMIZATION_LEVEL = "-O";
				VALIDATE_PRODUCT = YES;
			};
			name = Release;
		};
		B0A2A8FE277D8F1E00D1C2C4 /* Debug */ = {
			isa = XCBuildConfiguration;
			buildSettings = {
				ASSETCATALOG_COMPILER_APPICON_NAME = AppIcon;
				ASSETCATALOG_COMPILER_GLOBAL_ACCENT_COLOR_NAME = AccentColor;
				CODE_SIGN_STYLE = Automatic;
				CURRENT_PROJECT_VERSION = 1;
				DEVELOPMENT_TEAM = S6ZX968578;
				GENERATE_INFOPLIST_FILE = YES;
				INFOPLIST_FILE = "EasyReader/Support Files/Info.plist";
				INFOPLIST_KEY_UIApplicationSupportsIndirectInputEvents = YES;
				INFOPLIST_KEY_UILaunchStoryboardName = LaunchScreen;
				INFOPLIST_KEY_UIMainStoryboardFile = Main;
				INFOPLIST_KEY_UISupportedInterfaceOrientations_iPad = "UIInterfaceOrientationPortrait UIInterfaceOrientationPortraitUpsideDown UIInterfaceOrientationLandscapeLeft UIInterfaceOrientationLandscapeRight";
				INFOPLIST_KEY_UISupportedInterfaceOrientations_iPhone = "UIInterfaceOrientationPortrait UIInterfaceOrientationLandscapeLeft UIInterfaceOrientationLandscapeRight";
				INFOPLIST_KEY_UISupportsDocumentBrowser = YES;
				IPHONEOS_DEPLOYMENT_TARGET = 14.0;
				LD_RUNPATH_SEARCH_PATHS = (
					"$(inherited)",
					"@executable_path/Frameworks",
				);
				MARKETING_VERSION = 1.0;
				PRODUCT_BUNDLE_IDENTIFIER = com.RoyRao.EasyReader;
				PRODUCT_NAME = "$(TARGET_NAME)";
				SWIFT_EMIT_LOC_STRINGS = YES;
				SWIFT_VERSION = 5.0;
				TARGETED_DEVICE_FAMILY = 1;
			};
			name = Debug;
		};
		B0A2A8FF277D8F1E00D1C2C4 /* Release */ = {
			isa = XCBuildConfiguration;
			buildSettings = {
				ASSETCATALOG_COMPILER_APPICON_NAME = AppIcon;
				ASSETCATALOG_COMPILER_GLOBAL_ACCENT_COLOR_NAME = AccentColor;
				CODE_SIGN_STYLE = Automatic;
				CURRENT_PROJECT_VERSION = 1;
				DEVELOPMENT_TEAM = S6ZX968578;
				GENERATE_INFOPLIST_FILE = YES;
				INFOPLIST_FILE = "EasyReader/Support Files/Info.plist";
				INFOPLIST_KEY_UIApplicationSupportsIndirectInputEvents = YES;
				INFOPLIST_KEY_UILaunchStoryboardName = LaunchScreen;
				INFOPLIST_KEY_UIMainStoryboardFile = Main;
				INFOPLIST_KEY_UISupportedInterfaceOrientations_iPad = "UIInterfaceOrientationPortrait UIInterfaceOrientationPortraitUpsideDown UIInterfaceOrientationLandscapeLeft UIInterfaceOrientationLandscapeRight";
				INFOPLIST_KEY_UISupportedInterfaceOrientations_iPhone = "UIInterfaceOrientationPortrait UIInterfaceOrientationLandscapeLeft UIInterfaceOrientationLandscapeRight";
				INFOPLIST_KEY_UISupportsDocumentBrowser = YES;
				IPHONEOS_DEPLOYMENT_TARGET = 14.0;
				LD_RUNPATH_SEARCH_PATHS = (
					"$(inherited)",
					"@executable_path/Frameworks",
				);
				MARKETING_VERSION = 1.0;
				PRODUCT_BUNDLE_IDENTIFIER = com.RoyRao.EasyReader;
				PRODUCT_NAME = "$(TARGET_NAME)";
				SWIFT_EMIT_LOC_STRINGS = YES;
				SWIFT_VERSION = 5.0;
				TARGETED_DEVICE_FAMILY = 1;
			};
			name = Release;
		};
/* End XCBuildConfiguration section */

/* Begin XCConfigurationList section */
		B0A2A8E2277D8F1C00D1C2C4 /* Build configuration list for PBXProject "EasyReader" */ = {
			isa = XCConfigurationList;
			buildConfigurations = (
				B0A2A8FB277D8F1E00D1C2C4 /* Debug */,
				B0A2A8FC277D8F1E00D1C2C4 /* Release */,
			);
			defaultConfigurationIsVisible = 0;
			defaultConfigurationName = Release;
		};
		B0A2A8FD277D8F1E00D1C2C4 /* Build configuration list for PBXNativeTarget "EasyReader" */ = {
			isa = XCConfigurationList;
			buildConfigurations = (
				B0A2A8FE277D8F1E00D1C2C4 /* Debug */,
				B0A2A8FF277D8F1E00D1C2C4 /* Release */,
			);
			defaultConfigurationIsVisible = 0;
			defaultConfigurationName = Release;
		};
/* End XCConfigurationList section */

/* Begin XCRemoteSwiftPackageReference section */
		B08897A7278C005E00250C48 /* XCRemoteSwiftPackageReference "Defaults" */ = {
			isa = XCRemoteSwiftPackageReference;
			repositoryURL = "https://github.com/sindresorhus/Defaults";
			requirement = {
				kind = upToNextMajorVersion;
				minimumVersion = 6.0.0;
			};
		};
		B0A2A904277DA31F00D1C2C4 /* XCRemoteSwiftPackageReference "SwiftyBeaver" */ = {
			isa = XCRemoteSwiftPackageReference;
			repositoryURL = "https://github.com/SwiftyBeaver/SwiftyBeaver";
			requirement = {
				kind = upToNextMajorVersion;
				minimumVersion = 1.0.0;
			};
		};
/* End XCRemoteSwiftPackageReference section */

/* Begin XCSwiftPackageProductDependency section */
		B08897A8278C005E00250C48 /* Defaults */ = {
			isa = XCSwiftPackageProductDependency;
			package = B08897A7278C005E00250C48 /* XCRemoteSwiftPackageReference "Defaults" */;
			productName = Defaults;
		};
		B0A2A905277DA31F00D1C2C4 /* SwiftyBeaver */ = {
			isa = XCSwiftPackageProductDependency;
			package = B0A2A904277DA31F00D1C2C4 /* XCRemoteSwiftPackageReference "SwiftyBeaver" */;
			productName = SwiftyBeaver;
		};
/* End XCSwiftPackageProductDependency section */
	};
	rootObject = B0A2A8DF277D8F1C00D1C2C4 /* Project object */;
}
